{
  "name": "ping-server-down-detector",
  "version": "1.0.0",
  "lockfileVersion": 1,
  "requires": true,
  "dependencies": {
    "nodemailer": {
      "version": "4.4.2",
      "resolved": "https://registry.npmjs.org/nodemailer/-/nodemailer-4.4.2.tgz",
      "integrity": "sha512-sstDxbCSPHDXrWRQhH++khr3yVU0CGvH2dCtAHOPQQ0lRR7xwq2txItEXckMpX481B/cN+0akER2bfExh7Gu/Q=="
    },
    "tcp-ping": {
      "version": "0.1.1",
      "resolved": "https://registry.npmjs.org/tcp-ping/-/tcp-ping-0.1.1.tgz",
      "integrity": "sha1-At1/QrW/fXy3jVt6rO+hVf2PfAw="
    }
  }
}
